// !$*UTF8*$!
{
	archiveVersion = 1;
	classes = {
	};
	objectVersion = 50;
	objects = {

/* Begin PBXBuildFile section */
		A2F0CA86228D764B00BD2225 /* AppDelegate.m in Sources */ = {isa = PBXBuildFile; fileRef = A2F0CA85228D764B00BD2225 /* AppDelegate.m */; };
		A2F0CA89228D764B00BD2225 /* ViewController.m in Sources */ = {isa = PBXBuildFile; fileRef = A2F0CA88228D764B00BD2225 /* ViewController.m */; };
		A2F0CA8C228D764B00BD2225 /* Main.storyboard in Resources */ = {isa = PBXBuildFile; fileRef = A2F0CA8A228D764B00BD2225 /* Main.storyboard */; };
		A2F0CA8E228D764C00BD2225 /* Assets.xcassets in Resources */ = {isa = PBXBuildFile; fileRef = A2F0CA8D228D764C00BD2225 /* Assets.xcassets */; };
		A2F0CA91228D764C00BD2225 /* LaunchScreen.storyboard in Resources */ = {isa = PBXBuildFile; fileRef = A2F0CA8F228D764C00BD2225 /* LaunchScreen.storyboard */; };
		A2F0CA94228D764C00BD2225 /* main.m in Sources */ = {isa = PBXBuildFile; fileRef = A2F0CA93228D764C00BD2225 /* main.m */; };
/* End PBXBuildFile section */

/* Begin PBXFileReference section */
		A2F0CA81228D764B00BD2225 /* Temperary.app */ = {isa = PBXFileReference; explicitFileType = wrapper.application; includeInIndex = 0; path = Temperary.app; sourceTree = BUILT_PRODUCTS_DIR; };
		A2F0CA84228D764B00BD2225 /* AppDelegate.h */ = {isa = PBXFileReference; lastKnownFileType = sourcecode.c.h; path = AppDelegate.h; sourceTree = "<group>"; };
		A2F0CA85228D764B00BD2225 /* AppDelegate.m */ = {isa = PBXFileReference; lastKnownFileType = sourcecode.c.objc; path = AppDelegate.m; sourceTree = "<group>"; };
		A2F0CA87228D764B00BD2225 /* ViewController.h */ = {isa = PBXFileReference; lastKnownFileType = sourcecode.c.h; path = ViewController.h; sourceTree = "<group>"; };
		A2F0CA88228D764B00BD2225 /* ViewController.m */ = {isa = PBXFileReference; lastKnownFileType = sourcecode.c.objc; path = ViewController.m; sourceTree = "<group>"; };
		A2F0CA8B228D764B00BD2225 /* Base */ = {isa = PBXFileReference; lastKnownFileType = file.storyboard; name = Base; path = Base.lproj/Main.storyboard; sourceTree = "<group>"; };
		A2F0CA8D228D764C00BD2225 /* Assets.xcassets */ = {isa = PBXFileReference; lastKnownFileType = folder.assetcatalog; path = Assets.xcassets; sourceTree = "<group>"; };
		A2F0CA90228D764C00BD2225 /* Base */ = {isa = PBXFileReference; lastKnownFileType = file.storyboard; name = Base; path = Base.lproj/LaunchScreen.storyboard; sourceTree = "<group>"; };
		A2F0CA92228D764C00BD2225 /* Info.plist */ = {isa = PBXFileReference; lastKnownFileType = text.plist.xml; path = Info.plist; sourceTree = "<group>"; };
		A2F0CA93228D764C00BD2225 /* main.m */ = {isa = PBXFileReference; lastKnownFileType = sourcecode.c.objc; path = main.m; sourceTree = "<group>"; };
/* End PBXFileReference section */

/* Begin PBXFrameworksBuildPhase section */
		A2F0CA7E228D764B00BD2225 /* Frameworks */ = {
			isa = PBXFrameworksBuildPhase;
			buildActionMask = 2147483647;
			files = (
			);
			runOnlyForDeploymentPostprocessing = 0;
		};
/* End PBXFrameworksBuildPhase section */

/* Begin PBXGroup section */
		A2F0CA78228D764B00BD2225 = {
			isa = PBXGroup;
			children = (
				A2F0CA83228D764B00BD2225 /* Temperary */,
				A2F0CA82228D764B00BD2225 /* Products */,
			);
			sourceTree = "<group>";
		};
		A2F0CA82228D764B00BD2225 /* Products */ = {
			isa = PBXGroup;
			children = (
				A2F0CA81228D764B00BD2225 /* Temperary.app */,
			);
			name = Products;
			sourceTree = "<group>";
		};
		A2F0CA83228D764B00BD2225 /* Temperary */ = {
			isa = PBXGroup;
			children = (
				A2F0CA84228D764B00BD2225 /* AppDelegate.h */,
				A2F0CA85228D764B00BD2225 /* AppDelegate.m */,
				A2F0CA87228D764B00BD2225 /* ViewController.h */,
				A2F0CA88228D764B00BD2225 /* ViewController.m */,
				A2F0CA8A228D764B00BD2225 /* Main.storyboard */,
				A2F0CA8D228D764C00BD2225 /* Assets.xcassets */,
				A2F0CA8F228D764C00BD2225 /* LaunchScreen.storyboard */,
				A2F0CA92228D764C00BD2225 /* Info.plist */,
				A2F0CA93228D764C00BD2225 /* main.m */,
			);
			path = Temperary;
			sourceTree = "<group>";
		};
/* End PBXGroup section */

/* Begin PBXNativeTarget section */
		A2F0CA80228D764B00BD2225 /* Temperary */ = {
			isa = PBXNativeTarget;
			buildConfigurationList = A2F0CA97228D764C00BD2225 /* Build configuration list for PBXNativeTarget "Temperary" */;
			buildPhases = (
				A2F0CA7D228D764B00BD2225 /* Sources */,
				A2F0CA7E228D764B00BD2225 /* Frameworks */,
				A2F0CA7F228D764B00BD2225 /* Resources */,
			);
			buildRules = (
			);
			dependencies = (
			);
			name = Temperary;
			productName = Temperary;
			productReference = A2F0CA81228D764B00BD2225 /* Temperary.app */;
			productType = "com.apple.product-type.application";
		};
/* End PBXNativeTarget section */

/* Begin PBXProject section */
		A2F0CA79228D764B00BD2225 /* Project object */ = {
			isa = PBXProject;
			attributes = {
				LastUpgradeCheck = 1010;
				ORGANIZATIONNAME = wind;
				TargetAttributes = {
					A2F0CA80228D764B00BD2225 = {
						CreatedOnToolsVersion = 10.1;
					};
				};
			};
			buildConfigurationList = A2F0CA7C228D764B00BD2225 /* Build configuration list for PBXProject "Temperary" */;
			compatibilityVersion = "Xcode 9.3";
			developmentRegion = en;
			hasScannedForEncodings = 0;
			knownRegions = (
				en,
				Base,
			);
			mainGroup = A2F0CA78228D764B00BD2225;
			productRefGroup = A2F0CA82228D764B00BD2225 /* Products */;
			projectDirPath = "";
			projectRoot = "";
			targets = (
				A2F0CA80228D764B00BD2225 /* Temperary */,
			);
		};
/* End PBXProject section */

/* Begin PBXResourcesBuildPhase section */
		A2F0CA7F228D764B00BD2225 /* Resources */ = {
			isa = PBXResourcesBuildPhase;
			buildActionMask = 2147483647;
			files = (
				A2F0CA91228D764C00BD2225 /* LaunchScreen.storyboard in Resources */,
				A2F0CA8E228D764C00BD2225 /* Assets.xcassets in Resources */,
				A2F0CA8C228D764B00BD2225 /* Main.storyboard in Resources */,
			);
			runOnlyForDeploymentPostprocessing = 0;
		};
/* End PBXResourcesBuildPhase section */

/* Begin PBXSourcesBuildPhase section */
		A2F0CA7D228D764B00BD2225 /* Sources */ = {
			isa = PBXSourcesBuildPhase;
			buildActionMask = 2147483647;
			files = (
				A2F0CA89228D764B00BD2225 /* ViewController.m in Sources */,
				A2F0CA94228D764C00BD2225 /* main.m in Sources */,
				A2F0CA86228D764B00BD2225 /* AppDelegate.m in Sources */,
			);
			runOnlyForDeploymentPostprocessing = 0;
		};
/* End PBXSourcesBuildPhase section */

/* Begin PBXVariantGroup section */
		A2F0CA8A228D764B00BD2225 /* Main.storyboard */ = {
			isa = PBXVariantGroup;
			children = (
				A2F0CA8B228D764B00BD2225 /* Base */,
			);
			name = Main.storyboard;
			sourceTree = "<group>";
		};
		A2F0CA8F228D764C00BD2225 /* LaunchScreen.storyboard */ = {
			isa = PBXVariantGroup;
			children = (
				A2F0CA90228D764C00BD2225 /* Base */,
			);
			name = LaunchScreen.storyboard;
			sourceTree = "<group>";
		};
/* End PBXVariantGroup section */

/* Begin XCBuildConfiguration section */
		A2F0CA95228D764C00BD2225 /* Debug */ = {
			isa = XCBuildConfiguration;
			buildSettings = {
				ALWAYS_SEARCH_USER_PATHS = NO;
				CLANG_ANALYZER_NONNULL = YES;
				CLANG_ANALYZER_NUMBER_OBJECT_CONVERSION = YES_AGGRESSIVE;
				CLANG_CXX_LANGUAGE_STANDARD = "gnu++14";
				CLANG_CXX_LIBRARY = "libc++";
				CLANG_ENABLE_MODULES = YES;
				CLANG_ENABLE_OBJC_ARC = YES;
				CLANG_ENABLE_OBJC_WEAK = YES;
				CLANG_WARN_BLOCK_CAPTURE_AUTORELEASING = YES;
				CLANG_WARN_BOOL_CONVERSION = YES;
				CLANG_WARN_COMMA = YES;
				CLANG_WARN_CONSTANT_CONVERSION = YES;
				CLANG_WARN_DEPRECATED_OBJC_IMPLEMENTATIONS = YES;
				CLANG_WARN_DIRECT_OBJC_ISA_USAGE = YES_ERROR;
				CLANG_WARN_DOCUMENTATION_COMMENTS = YES;
				CLANG_WARN_EMPTY_BODY = YES;
				CLANG_WARN_ENUM_CONVERSION = YES;
				CLANG_WARN_INFINITE_RECURSION = YES;
				CLANG_WARN_INT_CONVERSION = YES;
				CLANG_WARN_NON_LITERAL_NULL_CONVERSION = YES;
				CLANG_WARN_OBJC_IMPLICIT_RETAIN_SELF = YES;
				CLANG_WARN_OBJC_LITERAL_CONVERSION = YES;
				CLANG_WARN_OBJC_ROOT_CLASS = YES_ERROR;
				CLANG_WARN_RANGE_LOOP_ANALYSIS = YES;
				CLANG_WARN_STRICT_PROTOTYPES = YES;
				CLANG_WARN_SUSPICIOUS_MOVE = YES;
				CLANG_WARN_UNGUARDED_AVAILABILITY = YES_AGGRESSIVE;
				CLANG_WARN_UNREACHABLE_CODE = YES;
				CLANG_WARN__DUPLICATE_METHOD_MATCH = YES;
				CODE_SIGN_IDENTITY = "iPhone Developer";
				COPY_PHASE_STRIP = NO;
				DEBUG_INFORMATION_FORMAT = dwarf;
				ENABLE_STRICT_OBJC_MSGSEND = YES;
				ENABLE_TESTABILITY = YES;
				GCC_C_LANGUAGE_STANDARD = gnu11;
				GCC_DYNAMIC_NO_PIC = NO;
				GCC_NO_COMMON_BLOCKS = YES;
				GCC_OPTIMIZATION_LEVEL = 0;
				GCC_PREPROCESSOR_DEFINITIONS = (
					"DEBUG=1",
					"$(inherited)",
				);
				GCC_WARN_64_TO_32_BIT_CONVERSION = YES;
				GCC_WARN_ABOUT_RETURN_TYPE = YES_ERROR;
				GCC_WARN_UNDECLARED_SELECTOR = YES;
				GCC_WARN_UNINITIALIZED_AUTOS = YES_AGGRESSIVE;
				GCC_WARN_UNUSED_FUNCTION = YES;
				GCC_WARN_UNUSED_VARIABLE = YES;
				IPHONEOS_DEPLOYMENT_TARGET = 12.1;
				MTL_ENABLE_DEBUG_INFO = INCLUDE_SOURCE;
				MTL_FAST_MATH = YES;
				ONLY_ACTIVE_ARCH = YES;
				SDKROOT = iphoneos;
			};
			name = Debug;
		};
		A2F0CA96228D764C00BD2225 /* Release */ = {
			isa = XCBuildConfiguration;
			buildSettings = {
				ALWAYS_SEARCH_USER_PATHS = NO;
				CLANG_ANALYZER_NONNULL = YES;
				CLANG_ANALYZER_NUMBER_OBJECT_CONVERSION = YES_AGGRESSIVE;
				CLANG_CXX_LANGUAGE_STANDARD = "gnu++14";
				CLANG_CXX_LIBRARY = "libc++";
				CLANG_ENABLE_MODULES = YES;
				CLANG_ENABLE_OBJC_ARC = YES;
				CLANG_ENABLE_OBJC_WEAK = YES;
				CLANG_WARN_BLOCK_CAPTURE_AUTORELEASING = YES;
				CLANG_WARN_BOOL_CONVERSION = YES;
				CLANG_WARN_COMMA = YES;
				CLANG_WARN_CONSTANT_CONVERSION = YES;
				CLANG_WARN_DEPRECATED_OBJC_IMPLEMENTATIONS = YES;
				CLANG_WARN_DIRECT_OBJC_ISA_USAGE = YES_ERROR;
				CLANG_WARN_DOCUMENTATION_COMMENTS = YES;
				CLANG_WARN_EMPTY_BODY = YES;
				CLANG_WARN_ENUM_CONVERSION = YES;
				CLANG_WARN_INFINITE_RECURSION = YES;
				CLANG_WARN_INT_CONVERSION = YES;
				CLANG_WARN_NON_LITERAL_NULL_CONVERSION = YES;
				CLANG_WARN_OBJC_IMPLICIT_RETAIN_SELF = YES;
				CLANG_WARN_OBJC_LITERAL_CONVERSION = YES;
				CLANG_WARN_OBJC_ROOT_CLASS = YES_ERROR;
				CLANG_WARN_RANGE_LOOP_ANALYSIS = YES;
				CLANG_WARN_STRICT_PROTOTYPES = YES;
				CLANG_WARN_SUSPICIOUS_MOVE = YES;
				CLANG_WARN_UNGUARDED_AVAILABILITY = YES_AGGRESSIVE;
				CLANG_WARN_UNREACHABLE_CODE = YES;
				CLANG_WARN__DUPLICATE_METHOD_MATCH = YES;
				CODE_SIGN_IDENTITY = "iPhone Developer";
				COPY_PHASE_STRIP = NO;
				DEBUG_INFORMATION_FORMAT = "dwarf-with-dsym";
				ENABLE_NS_ASSERTIONS = NO;
				ENABLE_STRICT_OBJC_MSGSEND = YES;
				GCC_C_LANGUAGE_STANDARD = gnu11;
				GCC_NO_COMMON_BLOCKS = YES;
				GCC_WARN_64_TO_32_BIT_CONVERSION = YES;
				GCC_WARN_ABOUT_RETURN_TYPE = YES_ERROR;
				GCC_WARN_UNDECLARED_SELECTOR = YES;
				GCC_WARN_UNINITIALIZED_AUTOS = YES_AGGRESSIVE;
				GCC_WARN_UNUSED_FUNCTION = YES;
				GCC_WARN_UNUSED_VARIABLE = YES;
				IPHONEOS_DEPLOYMENT_TARGET = 12.1;
				MTL_ENABLE_DEBUG_INFO = NO;
				MTL_FAST_MATH = YES;
				SDKROOT = iphoneos;
				VALIDATE_PRODUCT = YES;
			};
			name = Release;
		};
		A2F0CA98228D764C00BD2225 /* Debug */ = {
			isa = XCBuildConfiguration;
			buildSettings = {
				ASSETCATALOG_COMPILER_APPICON_NAME = AppIcon;
				CODE_SIGN_STYLE = Automatic;
				DEVELOPMENT_TEAM = L42KY7DRTY;
				INFOPLIST_FILE = Temperary/Info.plist;
				LD_RUNPATH_SEARCH_PATHS = (
					"$(inherited)",
					"@executable_path/Frameworks",
				);
				PRODUCT_BUNDLE_IDENTIFIER = com.foxconn.LEDDemo.Temperary;
				PRODUCT_NAME = "$(TARGET_NAME)";
				TARGETED_DEVICE_FAMILY = "1,2";
			};
			name = Debug;
		};
		A2F0CA99228D764C00BD2225 /* Release */ = {
			isa = XCBuildConfiguration;
			buildSettings = {
				ASSETCATALOG_COMPILER_APPICON_NAME = AppIcon;
				CODE_SIGN_STYLE = Automatic;
				DEVELOPMENT_TEAM = L42KY7DRTY;
				INFOPLIST_FILE = Temperary/Info.plist;
				LD_RUNPATH_SEARCH_PATHS = (
					"$(inherited)",
					"@executable_path/Frameworks",
				);
				PRODUCT_BUNDLE_IDENTIFIER = com.foxconn.LEDDemo.Temperary;
				PRODUCT_NAME = "$(TARGET_NAME)";
				TARGETED_DEVICE_FAMILY = "1,2";
			};
			name = Release;
		};
/* End XCBuildConfiguration section */

/* Begin XCConfigurationList section */
		A2F0CA7C228D764B00BD2225 /* Build configuration list for PBXProject "Temperary" */ = {
			isa = XCConfigurationList;
			buildConfigurations = (
				A2F0CA95228D764C00BD2225 /* Debug */,
				A2F0CA96228D764C00BD2225 /* Release */,
			);
			defaultConfigurationIsVisible = 0;
			defaultConfigurationName = Release;
		};
		A2F0CA97228D764C00BD2225 /* Build configuration list for PBXNativeTarget "Temperary" */ = {
			isa = XCConfigurationList;
			buildConfigurations = (
				A2F0CA98228D764C00BD2225 /* Debug */,
				A2F0CA99228D764C00BD2225 /* Release */,
			);
			defaultConfigurationIsVisible = 0;
			defaultConfigurationName = Release;
		};
/* End XCConfigurationList section */
	};
	rootObject = A2F0CA79228D764B00BD2225 /* Project object */;
}
